{
  "name": "@xixo/xixo",
  "version": "1.0.0",
  "lockfileVersion": 1,
  "requires": true,
  "dependencies": {
    "stream-chain": {
      "version": "2.2.1",
      "resolved": "https://registry.npmjs.org/stream-chain/-/stream-chain-2.2.1.tgz",
      "integrity": "sha512-LW24AKjJHBrihU8xGLPs/o7OSCNPzBpJ/5JtjMyt8/1WLzcSIRKRRvugeBQjTCFJMn0nFzvN0rd6oCSWguKmxw=="
    },
    "stream-json": {
      "version": "1.5.0",
      "resolved": "https://registry.npmjs.org/stream-json/-/stream-json-1.5.0.tgz",
      "integrity": "sha512-a2hm5eyDeoXA3oDqNbO/ylDzNEx4C1HyQ47/Ar0s3q3UZJr0L8ZsKBNSbkUyNfPsyG+Efs47nUYkIJqLme0yJg==",
      "requires": {
        "stream-chain": "^2.2.1"
      }
    }
  }
}
